
Microsoft Visual Studio Solution File, Format Version 12.00
# Visual Studio Version 17
VisualStudioVersion = 17.0.31903.59
MinimumVisualStudioVersion = 10.0.40219.1
Project("{FAE04EC0-301F-11D3-BF4B-00C04F79EFBC}") = "Simple LTS", "Simple LTS\Simple LTS.csproj", "{A7FE6A6D-9C65-4724-ACDD-C428AF9D3402}"
EndProject
Global
	GlobalSection(SolutionConfigurationPlatforms) = preSolution
		Debug|Any CPU = Debug|Any CPU
		Release|Any CPU = Release|Any CPU
	EndGlobalSection
	GlobalSection(ProjectConfigurationPlatforms) = postSolution
		{A7FE6A6D-9C65-4724-ACDD-C428AF9D3402}.Debug|Any CPU.ActiveCfg = Debug|Any CPU
		{A7FE6A6D-9C65-4724-ACDD-C428AF9D3402}.Debug|Any CPU.Build.0 = Debug|Any CPU
		{A7FE6A6D-9C65-4724-ACDD-C428AF9D3402}.Release|Any CPU.ActiveCfg = Release|Any CPU
		{A7FE6A6D-9C65-4724-ACDD-C428AF9D3402}.Release|Any CPU.Build.0 = Release|Any CPU
	EndGlobalSection
	GlobalSection(SolutionProperties) = preSolution
		HideSolutionNode = FALSE
	EndGlobalSection
	GlobalSection(ExtensibilityGlobals) = postSolution
		SolutionGuid = {2187D079-096E-406F-BB96-7EEB574C513B}
	EndGlobalSection
EndGlobal
